
Microsoft Visual Studio Solution File, Format Version 12.00
# Visual Studio Version 17
VisualStudioVersion = 17.4.33122.133
MinimumVisualStudioVersion = 10.0.40219.1
Project("{FAE04EC0-301F-11D3-BF4B-00C04F79EFBC}") = "WebApplication1", "WebApplication1\WebApplication1.csproj", "{B34BC395-EEF3-4E1A-BF15-0A2652349B28}"
EndProject
Global
	GlobalSection(SolutionConfigurationPlatforms) = preSolution
		Debug|Any CPU = Debug|Any CPU
		Release|Any CPU = Release|Any CPU
	EndGlobalSection
	GlobalSection(ProjectConfigurationPlatforms) = postSolution
		{B34BC395-EEF3-4E1A-BF15-0A2652349B28}.Debug|Any CPU.ActiveCfg = Debug|Any CPU
		{B34BC395-EEF3-4E1A-BF15-0A2652349B28}.Debug|Any CPU.Build.0 = Debug|Any CPU
		{B34BC395-EEF3-4E1A-BF15-0A2652349B28}.Release|Any CPU.ActiveCfg = Release|Any CPU
		{B34BC395-EEF3-4E1A-BF15-0A2652349B28}.Release|Any CPU.Build.0 = Release|Any CPU
	EndGlobalSection
	GlobalSection(SolutionProperties) = preSolution
		HideSolutionNode = FALSE
	EndGlobalSection
	GlobalSection(ExtensibilityGlobals) = postSolution
		SolutionGuid = {8E313BEB-CB42-4F57-A37A-C9FD651FF0E0}
	EndGlobalSection
EndGlobal
